
Microsoft Visual Studio Solution File, Format Version 12.00
# Visual Studio Version 16
VisualStudioVersion = 16.0.28531.58
MinimumVisualStudioVersion = 10.0.40219.1
Project("{FAE04EC0-301F-11D3-BF4B-00C04F79EFBC}") = "Win2D.UWPCore", "samples\Win2D.UWPCore\Win2D.UWPCore.csproj", "{BA4F0E2C-E9C2-4608-B4D8-CB8F4B84EDA2}"
EndProject
Project("{2150E333-8FDC-42A3-9474-1A3956D46DE8}") = "GameFramework", "GameFramework", "{BAC6F57D-0545-4D7B-94FA-9CB67AD9F189}"
EndProject
Project("{9A19103F-16F7-4668-BE54-9A1E7A4F7556}") = "GameFramework", "src\GameFramework\GameFramework\GameFramework.csproj", "{D19AD21C-23E9-4391-B776-5D265D35A48F}"
EndProject
Project("{FAE04EC0-301F-11D3-BF4B-00C04F79EFBC}") = "GameFramework.Platform.UWP", "src\GameFramework\GameFramework.Platform.UWP\GameFramework.Platform.UWP.csproj", "{279E7C34-88EA-46D1-AD4D-DBBD7FCCF0E6}"
EndProject
Project("{2150E333-8FDC-42A3-9474-1A3956D46DE8}") = "Samples", "Samples", "{BF757176-E9B7-4283-B2D9-7A9337DCC038}"
EndProject
Project("{9A19103F-16F7-4668-BE54-9A1E7A4F7556}") = "GameFramework.Abstractions", "src\GameFramework\GameFramework.Abstractions\GameFramework.Abstractions.csproj", "{3941EA71-7DDB-4700-8D2F-7FF1B789046A}"
EndProject
Project("{9A19103F-16F7-4668-BE54-9A1E7A4F7556}") = "GameFramework.Hosting", "src\GameFramework\GameFramework.Hosting\GameFramework.Hosting.csproj", "{5DCCA2B6-94B3-4E44-AE6C-98995A72CF8D}"
EndProject
Project("{2150E333-8FDC-42A3-9474-1A3956D46DE8}") = "Hosting", "Hosting", "{904C43E9-C65F-4241-B1B0-1A1C62A0B461}"
EndProject
Project("{9A19103F-16F7-4668-BE54-9A1E7A4F7556}") = "GameFramework.Hosting.Abstractions", "src\GameFramework\GameFramework.Hosting.Abstractions\GameFramework.Hosting.Abstractions.csproj", "{7389797E-D2E4-4176-ACD7-DC2905EB820A}"
EndProject
Project("{FAE04EC0-301F-11D3-BF4B-00C04F79EFBC}") = "CoreApplicationTest", "samples\CoreApplicationTest\CoreApplicationTest.csproj", "{FDC7D9D5-B43D-49B1-8C3F-6D868587E50C}"
EndProject
Project("{FAE04EC0-301F-11D3-BF4B-00C04F79EFBC}") = "GameFramework.Platform.UWP.CoreApplication", "src\GameFramework\GameFramework.Platform.UWP.CoreApplication\GameFramework.Platform.UWP.CoreApplication.csproj", "{B462762E-8691-4B54-869E-797D11658EC7}"
EndProject
Global
	GlobalSection(SolutionConfigurationPlatforms) = preSolution
		Debug|Any CPU = Debug|Any CPU
		Debug|ARM = Debug|ARM
		Debug|ARM64 = Debug|ARM64
		Debug|x64 = Debug|x64
		Debug|x86 = Debug|x86
		Release|Any CPU = Release|Any CPU
		Release|ARM = Release|ARM
		Release|ARM64 = Release|ARM64
		Release|x64 = Release|x64
		Release|x86 = Release|x86
	EndGlobalSection
	GlobalSection(ProjectConfigurationPlatforms) = postSolution
		{BA4F0E2C-E9C2-4608-B4D8-CB8F4B84EDA2}.Debug|Any CPU.ActiveCfg = Debug|x86
		{BA4F0E2C-E9C2-4608-B4D8-CB8F4B84EDA2}.Debug|ARM.ActiveCfg = Debug|ARM
		{BA4F0E2C-E9C2-4608-B4D8-CB8F4B84EDA2}.Debug|ARM.Build.0 = Debug|ARM
		{BA4F0E2C-E9C2-4608-B4D8-CB8F4B84EDA2}.Debug|ARM.Deploy.0 = Debug|ARM
		{BA4F0E2C-E9C2-4608-B4D8-CB8F4B84EDA2}.Debug|ARM64.ActiveCfg = Debug|ARM64
		{BA4F0E2C-E9C2-4608-B4D8-CB8F4B84EDA2}.Debug|ARM64.Build.0 = Debug|ARM64
		{BA4F0E2C-E9C2-4608-B4D8-CB8F4B84EDA2}.Debug|ARM64.Deploy.0 = Debug|ARM64
		{BA4F0E2C-E9C2-4608-B4D8-CB8F4B84EDA2}.Debug|x64.ActiveCfg = Debug|x64
		{BA4F0E2C-E9C2-4608-B4D8-CB8F4B84EDA2}.Debug|x64.Build.0 = Debug|x64
		{BA4F0E2C-E9C2-4608-B4D8-CB8F4B84EDA2}.Debug|x64.Deploy.0 = Debug|x64
		{BA4F0E2C-E9C2-4608-B4D8-CB8F4B84EDA2}.Debug|x86.ActiveCfg = Debug|x86
		{BA4F0E2C-E9C2-4608-B4D8-CB8F4B84EDA2}.Debug|x86.Build.0 = Debug|x86
		{BA4F0E2C-E9C2-4608-B4D8-CB8F4B84EDA2}.Debug|x86.Deploy.0 = Debug|x86
		{BA4F0E2C-E9C2-4608-B4D8-CB8F4B84EDA2}.Release|Any CPU.ActiveCfg = Release|x86
		{BA4F0E2C-E9C2-4608-B4D8-CB8F4B84EDA2}.Release|ARM.ActiveCfg = Release|ARM
		{BA4F0E2C-E9C2-4608-B4D8-CB8F4B84EDA2}.Release|ARM.Build.0 = Release|ARM
		{BA4F0E2C-E9C2-4608-B4D8-CB8F4B84EDA2}.Release|ARM.Deploy.0 = Release|ARM
		{BA4F0E2C-E9C2-4608-B4D8-CB8F4B84EDA2}.Release|ARM64.ActiveCfg = Release|ARM64
		{BA4F0E2C-E9C2-4608-B4D8-CB8F4B84EDA2}.Release|ARM64.Build.0 = Release|ARM64
		{BA4F0E2C-E9C2-4608-B4D8-CB8F4B84EDA2}.Release|ARM64.Deploy.0 = Release|ARM64
		{BA4F0E2C-E9C2-4608-B4D8-CB8F4B84EDA2}.Release|x64.ActiveCfg = Release|x64
		{BA4F0E2C-E9C2-4608-B4D8-CB8F4B84EDA2}.Release|x64.Build.0 = Release|x64
		{BA4F0E2C-E9C2-4608-B4D8-CB8F4B84EDA2}.Release|x64.Deploy.0 = Release|x64
		{BA4F0E2C-E9C2-4608-B4D8-CB8F4B84EDA2}.Release|x86.ActiveCfg = Release|x86
		{BA4F0E2C-E9C2-4608-B4D8-CB8F4B84EDA2}.Release|x86.Build.0 = Release|x86
		{BA4F0E2C-E9C2-4608-B4D8-CB8F4B84EDA2}.Release|x86.Deploy.0 = Release|x86
		{D19AD21C-23E9-4391-B776-5D265D35A48F}.Debug|Any CPU.ActiveCfg = Debug|Any CPU
		{D19AD21C-23E9-4391-B776-5D265D35A48F}.Debug|Any CPU.Build.0 = Debug|Any CPU
		{D19AD21C-23E9-4391-B776-5D265D35A48F}.Debug|ARM.ActiveCfg = Debug|Any CPU
		{D19AD21C-23E9-4391-B776-5D265D35A48F}.Debug|ARM.Build.0 = Debug|Any CPU
		{D19AD21C-23E9-4391-B776-5D265D35A48F}.Debug|ARM64.ActiveCfg = Debug|Any CPU
		{D19AD21C-23E9-4391-B776-5D265D35A48F}.Debug|ARM64.Build.0 = Debug|Any CPU
		{D19AD21C-23E9-4391-B776-5D265D35A48F}.Debug|x64.ActiveCfg = Debug|Any CPU
		{D19AD21C-23E9-4391-B776-5D265D35A48F}.Debug|x64.Build.0 = Debug|Any CPU
		{D19AD21C-23E9-4391-B776-5D265D35A48F}.Debug|x86.ActiveCfg = Debug|Any CPU
		{D19AD21C-23E9-4391-B776-5D265D35A48F}.Debug|x86.Build.0 = Debug|Any CPU
		{D19AD21C-23E9-4391-B776-5D265D35A48F}.Release|Any CPU.ActiveCfg = Release|Any CPU
		{D19AD21C-23E9-4391-B776-5D265D35A48F}.Release|Any CPU.Build.0 = Release|Any CPU
		{D19AD21C-23E9-4391-B776-5D265D35A48F}.Release|ARM.ActiveCfg = Release|Any CPU
		{D19AD21C-23E9-4391-B776-5D265D35A48F}.Release|ARM.Build.0 = Release|Any CPU
		{D19AD21C-23E9-4391-B776-5D265D35A48F}.Release|ARM64.ActiveCfg = Release|Any CPU
		{D19AD21C-23E9-4391-B776-5D265D35A48F}.Release|ARM64.Build.0 = Release|Any CPU
		{D19AD21C-23E9-4391-B776-5D265D35A48F}.Release|x64.ActiveCfg = Release|Any CPU
		{D19AD21C-23E9-4391-B776-5D265D35A48F}.Release|x64.Build.0 = Release|Any CPU
		{D19AD21C-23E9-4391-B776-5D265D35A48F}.Release|x86.ActiveCfg = Release|Any CPU
		{D19AD21C-23E9-4391-B776-5D265D35A48F}.Release|x86.Build.0 = Release|Any CPU
		{279E7C34-88EA-46D1-AD4D-DBBD7FCCF0E6}.Debug|Any CPU.ActiveCfg = Debug|Any CPU
		{279E7C34-88EA-46D1-AD4D-DBBD7FCCF0E6}.Debug|Any CPU.Build.0 = Debug|Any CPU
		{279E7C34-88EA-46D1-AD4D-DBBD7FCCF0E6}.Debug|ARM.ActiveCfg = Debug|ARM
		{279E7C34-88EA-46D1-AD4D-DBBD7FCCF0E6}.Debug|ARM.Build.0 = Debug|ARM
		{279E7C34-88EA-46D1-AD4D-DBBD7FCCF0E6}.Debug|ARM64.ActiveCfg = Debug|ARM64
		{279E7C34-88EA-46D1-AD4D-DBBD7FCCF0E6}.Debug|ARM64.Build.0 = Debug|ARM64
		{279E7C34-88EA-46D1-AD4D-DBBD7FCCF0E6}.Debug|x64.ActiveCfg = Debug|x64
		{279E7C34-88EA-46D1-AD4D-DBBD7FCCF0E6}.Debug|x64.Build.0 = Debug|x64
		{279E7C34-88EA-46D1-AD4D-DBBD7FCCF0E6}.Debug|x86.ActiveCfg = Debug|x86
		{279E7C34-88EA-46D1-AD4D-DBBD7FCCF0E6}.Debug|x86.Build.0 = Debug|x86
		{279E7C34-88EA-46D1-AD4D-DBBD7FCCF0E6}.Release|Any CPU.ActiveCfg = Release|Any CPU
		{279E7C34-88EA-46D1-AD4D-DBBD7FCCF0E6}.Release|Any CPU.Build.0 = Release|Any CPU
		{279E7C34-88EA-46D1-AD4D-DBBD7FCCF0E6}.Release|ARM.ActiveCfg = Release|ARM
		{279E7C34-88EA-46D1-AD4D-DBBD7FCCF0E6}.Release|ARM.Build.0 = Release|ARM
		{279E7C34-88EA-46D1-AD4D-DBBD7FCCF0E6}.Release|ARM64.ActiveCfg = Release|ARM64
		{279E7C34-88EA-46D1-AD4D-DBBD7FCCF0E6}.Release|ARM64.Build.0 = Release|ARM64
		{279E7C34-88EA-46D1-AD4D-DBBD7FCCF0E6}.Release|x64.ActiveCfg = Release|x64
		{279E7C34-88EA-46D1-AD4D-DBBD7FCCF0E6}.Release|x64.Build.0 = Release|x64
		{279E7C34-88EA-46D1-AD4D-DBBD7FCCF0E6}.Release|x86.ActiveCfg = Release|x86
		{279E7C34-88EA-46D1-AD4D-DBBD7FCCF0E6}.Release|x86.Build.0 = Release|x86
		{3941EA71-7DDB-4700-8D2F-7FF1B789046A}.Debug|Any CPU.ActiveCfg = Debug|Any CPU
		{3941EA71-7DDB-4700-8D2F-7FF1B789046A}.Debug|Any CPU.Build.0 = Debug|Any CPU
		{3941EA71-7DDB-4700-8D2F-7FF1B789046A}.Debug|ARM.ActiveCfg = Debug|Any CPU
		{3941EA71-7DDB-4700-8D2F-7FF1B789046A}.Debug|ARM.Build.0 = Debug|Any CPU
		{3941EA71-7DDB-4700-8D2F-7FF1B789046A}.Debug|ARM64.ActiveCfg = Debug|Any CPU
		{3941EA71-7DDB-4700-8D2F-7FF1B789046A}.Debug|ARM64.Build.0 = Debug|Any CPU
		{3941EA71-7DDB-4700-8D2F-7FF1B789046A}.Debug|x64.ActiveCfg = Debug|Any CPU
		{3941EA71-7DDB-4700-8D2F-7FF1B789046A}.Debug|x64.Build.0 = Debug|Any CPU
		{3941EA71-7DDB-4700-8D2F-7FF1B789046A}.Debug|x86.ActiveCfg = Debug|Any CPU
		{3941EA71-7DDB-4700-8D2F-7FF1B789046A}.Debug|x86.Build.0 = Debug|Any CPU
		{3941EA71-7DDB-4700-8D2F-7FF1B789046A}.Release|Any CPU.ActiveCfg = Release|Any CPU
		{3941EA71-7DDB-4700-8D2F-7FF1B789046A}.Release|Any CPU.Build.0 = Release|Any CPU
		{3941EA71-7DDB-4700-8D2F-7FF1B789046A}.Release|ARM.ActiveCfg = Release|Any CPU
		{3941EA71-7DDB-4700-8D2F-7FF1B789046A}.Release|ARM.Build.0 = Release|Any CPU
		{3941EA71-7DDB-4700-8D2F-7FF1B789046A}.Release|ARM64.ActiveCfg = Release|Any CPU
		{3941EA71-7DDB-4700-8D2F-7FF1B789046A}.Release|ARM64.Build.0 = Release|Any CPU
		{3941EA71-7DDB-4700-8D2F-7FF1B789046A}.Release|x64.ActiveCfg = Release|Any CPU
		{3941EA71-7DDB-4700-8D2F-7FF1B789046A}.Release|x64.Build.0 = Release|Any CPU
		{3941EA71-7DDB-4700-8D2F-7FF1B789046A}.Release|x86.ActiveCfg = Release|Any CPU
		{3941EA71-7DDB-4700-8D2F-7FF1B789046A}.Release|x86.Build.0 = Release|Any CPU
		{5DCCA2B6-94B3-4E44-AE6C-98995A72CF8D}.Debug|Any CPU.ActiveCfg = Debug|Any CPU
		{5DCCA2B6-94B3-4E44-AE6C-98995A72CF8D}.Debug|Any CPU.Build.0 = Debug|Any CPU
		{5DCCA2B6-94B3-4E44-AE6C-98995A72CF8D}.Debug|ARM.ActiveCfg = Debug|Any CPU
		{5DCCA2B6-94B3-4E44-AE6C-98995A72CF8D}.Debug|ARM.Build.0 = Debug|Any CPU
		{5DCCA2B6-94B3-4E44-AE6C-98995A72CF8D}.Debug|ARM64.ActiveCfg = Debug|Any CPU
		{5DCCA2B6-94B3-4E44-AE6C-98995A72CF8D}.Debug|ARM64.Build.0 = Debug|Any CPU
		{5DCCA2B6-94B3-4E44-AE6C-98995A72CF8D}.Debug|x64.ActiveCfg = Debug|Any CPU
		{5DCCA2B6-94B3-4E44-AE6C-98995A72CF8D}.Debug|x64.Build.0 = Debug|Any CPU
		{5DCCA2B6-94B3-4E44-AE6C-98995A72CF8D}.Debug|x86.ActiveCfg = Debug|Any CPU
		{5DCCA2B6-94B3-4E44-AE6C-98995A72CF8D}.Debug|x86.Build.0 = Debug|Any CPU
		{5DCCA2B6-94B3-4E44-AE6C-98995A72CF8D}.Release|Any CPU.ActiveCfg = Release|Any CPU
		{5DCCA2B6-94B3-4E44-AE6C-98995A72CF8D}.Release|Any CPU.Build.0 = Release|Any CPU
		{5DCCA2B6-94B3-4E44-AE6C-98995A72CF8D}.Release|ARM.ActiveCfg = Release|Any CPU
		{5DCCA2B6-94B3-4E44-AE6C-98995A72CF8D}.Release|ARM.Build.0 = Release|Any CPU
		{5DCCA2B6-94B3-4E44-AE6C-98995A72CF8D}.Release|ARM64.ActiveCfg = Release|Any CPU
		{5DCCA2B6-94B3-4E44-AE6C-98995A72CF8D}.Release|ARM64.Build.0 = Release|Any CPU
		{5DCCA2B6-94B3-4E44-AE6C-98995A72CF8D}.Release|x64.ActiveCfg = Release|Any CPU
		{5DCCA2B6-94B3-4E44-AE6C-98995A72CF8D}.Release|x64.Build.0 = Release|Any CPU
		{5DCCA2B6-94B3-4E44-AE6C-98995A72CF8D}.Release|x86.ActiveCfg = Release|Any CPU
		{5DCCA2B6-94B3-4E44-AE6C-98995A72CF8D}.Release|x86.Build.0 = Release|Any CPU
		{7389797E-D2E4-4176-ACD7-DC2905EB820A}.Debug|Any CPU.ActiveCfg = Debug|Any CPU
		{7389797E-D2E4-4176-ACD7-DC2905EB820A}.Debug|Any CPU.Build.0 = Debug|Any CPU
		{7389797E-D2E4-4176-ACD7-DC2905EB820A}.Debug|ARM.ActiveCfg = Debug|Any CPU
		{7389797E-D2E4-4176-ACD7-DC2905EB820A}.Debug|ARM.Build.0 = Debug|Any CPU
		{7389797E-D2E4-4176-ACD7-DC2905EB820A}.Debug|ARM64.ActiveCfg = Debug|Any CPU
		{7389797E-D2E4-4176-ACD7-DC2905EB820A}.Debug|ARM64.Build.0 = Debug|Any CPU
		{7389797E-D2E4-4176-ACD7-DC2905EB820A}.Debug|x64.ActiveCfg = Debug|Any CPU
		{7389797E-D2E4-4176-ACD7-DC2905EB820A}.Debug|x64.Build.0 = Debug|Any CPU
		{7389797E-D2E4-4176-ACD7-DC2905EB820A}.Debug|x86.ActiveCfg = Debug|Any CPU
		{7389797E-D2E4-4176-ACD7-DC2905EB820A}.Debug|x86.Build.0 = Debug|Any CPU
		{7389797E-D2E4-4176-ACD7-DC2905EB820A}.Release|Any CPU.ActiveCfg = Release|Any CPU
		{7389797E-D2E4-4176-ACD7-DC2905EB820A}.Release|Any CPU.Build.0 = Release|Any CPU
		{7389797E-D2E4-4176-ACD7-DC2905EB820A}.Release|ARM.ActiveCfg = Release|Any CPU
		{7389797E-D2E4-4176-ACD7-DC2905EB820A}.Release|ARM.Build.0 = Release|Any CPU
		{7389797E-D2E4-4176-ACD7-DC2905EB820A}.Release|ARM64.ActiveCfg = Release|Any CPU
		{7389797E-D2E4-4176-ACD7-DC2905EB820A}.Release|ARM64.Build.0 = Release|Any CPU
		{7389797E-D2E4-4176-ACD7-DC2905EB820A}.Release|x64.ActiveCfg = Release|Any CPU
		{7389797E-D2E4-4176-ACD7-DC2905EB820A}.Release|x64.Build.0 = Release|Any CPU
		{7389797E-D2E4-4176-ACD7-DC2905EB820A}.Release|x86.ActiveCfg = Release|Any CPU
		{7389797E-D2E4-4176-ACD7-DC2905EB820A}.Release|x86.Build.0 = Release|Any CPU
		{FDC7D9D5-B43D-49B1-8C3F-6D868587E50C}.Debug|Any CPU.ActiveCfg = Debug|x86
		{FDC7D9D5-B43D-49B1-8C3F-6D868587E50C}.Debug|ARM.ActiveCfg = Debug|ARM
		{FDC7D9D5-B43D-49B1-8C3F-6D868587E50C}.Debug|ARM.Build.0 = Debug|ARM
		{FDC7D9D5-B43D-49B1-8C3F-6D868587E50C}.Debug|ARM.Deploy.0 = Debug|ARM
		{FDC7D9D5-B43D-49B1-8C3F-6D868587E50C}.Debug|ARM64.ActiveCfg = Debug|ARM64
		{FDC7D9D5-B43D-49B1-8C3F-6D868587E50C}.Debug|ARM64.Build.0 = Debug|ARM64
		{FDC7D9D5-B43D-49B1-8C3F-6D868587E50C}.Debug|ARM64.Deploy.0 = Debug|ARM64
		{FDC7D9D5-B43D-49B1-8C3F-6D868587E50C}.Debug|x64.ActiveCfg = Debug|x64
		{FDC7D9D5-B43D-49B1-8C3F-6D868587E50C}.Debug|x64.Build.0 = Debug|x64
		{FDC7D9D5-B43D-49B1-8C3F-6D868587E50C}.Debug|x64.Deploy.0 = Debug|x64
		{FDC7D9D5-B43D-49B1-8C3F-6D868587E50C}.Debug|x86.ActiveCfg = Debug|x86
		{FDC7D9D5-B43D-49B1-8C3F-6D868587E50C}.Debug|x86.Build.0 = Debug|x86
		{FDC7D9D5-B43D-49B1-8C3F-6D868587E50C}.Debug|x86.Deploy.0 = Debug|x86
		{FDC7D9D5-B43D-49B1-8C3F-6D868587E50C}.Release|Any CPU.ActiveCfg = Release|x86
		{FDC7D9D5-B43D-49B1-8C3F-6D868587E50C}.Release|ARM.ActiveCfg = Release|ARM
		{FDC7D9D5-B43D-49B1-8C3F-6D868587E50C}.Release|ARM.Build.0 = Release|ARM
		{FDC7D9D5-B43D-49B1-8C3F-6D868587E50C}.Release|ARM.Deploy.0 = Release|ARM
		{FDC7D9D5-B43D-49B1-8C3F-6D868587E50C}.Release|ARM64.ActiveCfg = Release|ARM64
		{FDC7D9D5-B43D-49B1-8C3F-6D868587E50C}.Release|ARM64.Build.0 = Release|ARM64
		{FDC7D9D5-B43D-49B1-8C3F-6D868587E50C}.Release|ARM64.Deploy.0 = Release|ARM64
		{FDC7D9D5-B43D-49B1-8C3F-6D868587E50C}.Release|x64.ActiveCfg = Release|x64
		{FDC7D9D5-B43D-49B1-8C3F-6D868587E50C}.Release|x64.Build.0 = Release|x64
		{FDC7D9D5-B43D-49B1-8C3F-6D868587E50C}.Release|x64.Deploy.0 = Release|x64
		{FDC7D9D5-B43D-49B1-8C3F-6D868587E50C}.Release|x86.ActiveCfg = Release|x86
		{FDC7D9D5-B43D-49B1-8C3F-6D868587E50C}.Release|x86.Build.0 = Release|x86
		{FDC7D9D5-B43D-49B1-8C3F-6D868587E50C}.Release|x86.Deploy.0 = Release|x86
		{B462762E-8691-4B54-869E-797D11658EC7}.Debug|Any CPU.ActiveCfg = Debug|Any CPU
		{B462762E-8691-4B54-869E-797D11658EC7}.Debug|Any CPU.Build.0 = Debug|Any CPU
		{B462762E-8691-4B54-869E-797D11658EC7}.Debug|ARM.ActiveCfg = Debug|ARM
		{B462762E-8691-4B54-869E-797D11658EC7}.Debug|ARM.Build.0 = Debug|ARM
		{B462762E-8691-4B54-869E-797D11658EC7}.Debug|ARM64.ActiveCfg = Debug|ARM64
		{B462762E-8691-4B54-869E-797D11658EC7}.Debug|ARM64.Build.0 = Debug|ARM64
		{B462762E-8691-4B54-869E-797D11658EC7}.Debug|x64.ActiveCfg = Debug|x64
		{B462762E-8691-4B54-869E-797D11658EC7}.Debug|x64.Build.0 = Debug|x64
		{B462762E-8691-4B54-869E-797D11658EC7}.Debug|x86.ActiveCfg = Debug|x86
		{B462762E-8691-4B54-869E-797D11658EC7}.Debug|x86.Build.0 = Debug|x86
		{B462762E-8691-4B54-869E-797D11658EC7}.Release|Any CPU.ActiveCfg = Release|Any CPU
		{B462762E-8691-4B54-869E-797D11658EC7}.Release|Any CPU.Build.0 = Release|Any CPU
		{B462762E-8691-4B54-869E-797D11658EC7}.Release|ARM.ActiveCfg = Release|ARM
		{B462762E-8691-4B54-869E-797D11658EC7}.Release|ARM.Build.0 = Release|ARM
		{B462762E-8691-4B54-869E-797D11658EC7}.Release|ARM64.ActiveCfg = Release|ARM64
		{B462762E-8691-4B54-869E-797D11658EC7}.Release|ARM64.Build.0 = Release|ARM64
		{B462762E-8691-4B54-869E-797D11658EC7}.Release|x64.ActiveCfg = Release|x64
		{B462762E-8691-4B54-869E-797D11658EC7}.Release|x64.Build.0 = Release|x64
		{B462762E-8691-4B54-869E-797D11658EC7}.Release|x86.ActiveCfg = Release|x86
		{B462762E-8691-4B54-869E-797D11658EC7}.Release|x86.Build.0 = Release|x86
	EndGlobalSection
	GlobalSection(SolutionProperties) = preSolution
		HideSolutionNode = FALSE
	EndGlobalSection
	GlobalSection(NestedProjects) = preSolution
		{BA4F0E2C-E9C2-4608-B4D8-CB8F4B84EDA2} = {BF757176-E9B7-4283-B2D9-7A9337DCC038}
		{D19AD21C-23E9-4391-B776-5D265D35A48F} = {BAC6F57D-0545-4D7B-94FA-9CB67AD9F189}
		{279E7C34-88EA-46D1-AD4D-DBBD7FCCF0E6} = {BAC6F57D-0545-4D7B-94FA-9CB67AD9F189}
		{3941EA71-7DDB-4700-8D2F-7FF1B789046A} = {BAC6F57D-0545-4D7B-94FA-9CB67AD9F189}
		{5DCCA2B6-94B3-4E44-AE6C-98995A72CF8D} = {904C43E9-C65F-4241-B1B0-1A1C62A0B461}
		{7389797E-D2E4-4176-ACD7-DC2905EB820A} = {904C43E9-C65F-4241-B1B0-1A1C62A0B461}
		{FDC7D9D5-B43D-49B1-8C3F-6D868587E50C} = {BF757176-E9B7-4283-B2D9-7A9337DCC038}
		{B462762E-8691-4B54-869E-797D11658EC7} = {BAC6F57D-0545-4D7B-94FA-9CB67AD9F189}
	EndGlobalSection
	GlobalSection(ExtensibilityGlobals) = postSolution
		SolutionGuid = {34F84D13-C4A1-4DB0-A895-5B715F1F36A6}
	EndGlobalSection
EndGlobal
