
Microsoft Visual Studio Solution File, Format Version 12.00
# Visual Studio Version 16
VisualStudioVersion = 16.0.28531.58
MinimumVisualStudioVersion = 10.0.40219.1
Project("{FAE04EC0-301F-11D3-BF4B-00C04F79EFBC}") = "Win2D.UWPCore", "samples\Win2D.UWPCore\Win2D.UWPCore.csproj", "{BA4F0E2C-E9C2-4608-B4D8-CB8F4B84EDA2}"
EndProject
Project("{2150E333-8FDC-42A3-9474-1A3956D46DE8}") = "GameFramework", "GameFramework", "{BAC6F57D-0545-4D7B-94FA-9CB67AD9F189}"
EndProject
Project("{9A19103F-16F7-4668-BE54-9A1E7A4F7556}") = "GameFramework", "src\GameFramework\GameFramework\GameFramework.csproj", "{D19AD21C-23E9-4391-B776-5D265D35A48F}"
EndProject
Project("{FAE04EC0-301F-11D3-BF4B-00C04F79EFBC}") = "GameFramework.Platform.UWP", "src\GameFramework\GameFramework.Platform.UWP\GameFramework.Platform.UWP.csproj", "{279E7C34-88EA-46D1-AD4D-DBBD7FCCF0E6}"
EndProject
Project("{2150E333-8FDC-42A3-9474-1A3956D46DE8}") = "Samples", "Samples", "{BF757176-E9B7-4283-B2D9-7A9337DCC038}"
EndProject
Project("{9A19103F-16F7-4668-BE54-9A1E7A4F7556}") = "GameFrameworkConsoleTestApp", "samples\GameFrameworkConsoleTestApp\GameFrameworkConsoleTestApp.csproj", "{08F55D2A-8A22-4330-A486-1EAF574973A3}"
EndProject
Project("{9A19103F-16F7-4668-BE54-9A1E7A4F7556}") = "TestApp", "samples\TestApp\TestApp.csproj", "{080DC686-5E89-4085-B837-9B0ED8ADCFFA}"
EndProject
Global
	GlobalSection(SolutionConfigurationPlatforms) = preSolution
		Debug|Any CPU = Debug|Any CPU
		Debug|ARM = Debug|ARM
		Debug|ARM64 = Debug|ARM64
		Debug|x64 = Debug|x64
		Debug|x86 = Debug|x86
		Release|Any CPU = Release|Any CPU
		Release|ARM = Release|ARM
		Release|ARM64 = Release|ARM64
		Release|x64 = Release|x64
		Release|x86 = Release|x86
	EndGlobalSection
	GlobalSection(ProjectConfigurationPlatforms) = postSolution
		{BA4F0E2C-E9C2-4608-B4D8-CB8F4B84EDA2}.Debug|Any CPU.ActiveCfg = Debug|x86
		{BA4F0E2C-E9C2-4608-B4D8-CB8F4B84EDA2}.Debug|ARM.ActiveCfg = Debug|ARM
		{BA4F0E2C-E9C2-4608-B4D8-CB8F4B84EDA2}.Debug|ARM.Build.0 = Debug|ARM
		{BA4F0E2C-E9C2-4608-B4D8-CB8F4B84EDA2}.Debug|ARM.Deploy.0 = Debug|ARM
		{BA4F0E2C-E9C2-4608-B4D8-CB8F4B84EDA2}.Debug|ARM64.ActiveCfg = Debug|ARM64
		{BA4F0E2C-E9C2-4608-B4D8-CB8F4B84EDA2}.Debug|ARM64.Build.0 = Debug|ARM64
		{BA4F0E2C-E9C2-4608-B4D8-CB8F4B84EDA2}.Debug|ARM64.Deploy.0 = Debug|ARM64
		{BA4F0E2C-E9C2-4608-B4D8-CB8F4B84EDA2}.Debug|x64.ActiveCfg = Debug|x64
		{BA4F0E2C-E9C2-4608-B4D8-CB8F4B84EDA2}.Debug|x64.Build.0 = Debug|x64
		{BA4F0E2C-E9C2-4608-B4D8-CB8F4B84EDA2}.Debug|x64.Deploy.0 = Debug|x64
		{BA4F0E2C-E9C2-4608-B4D8-CB8F4B84EDA2}.Debug|x86.ActiveCfg = Debug|x86
		{BA4F0E2C-E9C2-4608-B4D8-CB8F4B84EDA2}.Debug|x86.Build.0 = Debug|x86
		{BA4F0E2C-E9C2-4608-B4D8-CB8F4B84EDA2}.Debug|x86.Deploy.0 = Debug|x86
		{BA4F0E2C-E9C2-4608-B4D8-CB8F4B84EDA2}.Release|Any CPU.ActiveCfg = Release|x86
		{BA4F0E2C-E9C2-4608-B4D8-CB8F4B84EDA2}.Release|ARM.ActiveCfg = Release|ARM
		{BA4F0E2C-E9C2-4608-B4D8-CB8F4B84EDA2}.Release|ARM.Build.0 = Release|ARM
		{BA4F0E2C-E9C2-4608-B4D8-CB8F4B84EDA2}.Release|ARM.Deploy.0 = Release|ARM
		{BA4F0E2C-E9C2-4608-B4D8-CB8F4B84EDA2}.Release|ARM64.ActiveCfg = Release|ARM64
		{BA4F0E2C-E9C2-4608-B4D8-CB8F4B84EDA2}.Release|ARM64.Build.0 = Release|ARM64
		{BA4F0E2C-E9C2-4608-B4D8-CB8F4B84EDA2}.Release|ARM64.Deploy.0 = Release|ARM64
		{BA4F0E2C-E9C2-4608-B4D8-CB8F4B84EDA2}.Release|x64.ActiveCfg = Release|x64
		{BA4F0E2C-E9C2-4608-B4D8-CB8F4B84EDA2}.Release|x64.Build.0 = Release|x64
		{BA4F0E2C-E9C2-4608-B4D8-CB8F4B84EDA2}.Release|x64.Deploy.0 = Release|x64
		{BA4F0E2C-E9C2-4608-B4D8-CB8F4B84EDA2}.Release|x86.ActiveCfg = Release|x86
		{BA4F0E2C-E9C2-4608-B4D8-CB8F4B84EDA2}.Release|x86.Build.0 = Release|x86
		{BA4F0E2C-E9C2-4608-B4D8-CB8F4B84EDA2}.Release|x86.Deploy.0 = Release|x86
		{D19AD21C-23E9-4391-B776-5D265D35A48F}.Debug|Any CPU.ActiveCfg = Debug|Any CPU
		{D19AD21C-23E9-4391-B776-5D265D35A48F}.Debug|Any CPU.Build.0 = Debug|Any CPU
		{D19AD21C-23E9-4391-B776-5D265D35A48F}.Debug|ARM.ActiveCfg = Debug|Any CPU
		{D19AD21C-23E9-4391-B776-5D265D35A48F}.Debug|ARM.Build.0 = Debug|Any CPU
		{D19AD21C-23E9-4391-B776-5D265D35A48F}.Debug|ARM64.ActiveCfg = Debug|Any CPU
		{D19AD21C-23E9-4391-B776-5D265D35A48F}.Debug|ARM64.Build.0 = Debug|Any CPU
		{D19AD21C-23E9-4391-B776-5D265D35A48F}.Debug|x64.ActiveCfg = Debug|Any CPU
		{D19AD21C-23E9-4391-B776-5D265D35A48F}.Debug|x64.Build.0 = Debug|Any CPU
		{D19AD21C-23E9-4391-B776-5D265D35A48F}.Debug|x86.ActiveCfg = Debug|Any CPU
		{D19AD21C-23E9-4391-B776-5D265D35A48F}.Debug|x86.Build.0 = Debug|Any CPU
		{D19AD21C-23E9-4391-B776-5D265D35A48F}.Release|Any CPU.ActiveCfg = Release|Any CPU
		{D19AD21C-23E9-4391-B776-5D265D35A48F}.Release|Any CPU.Build.0 = Release|Any CPU
		{D19AD21C-23E9-4391-B776-5D265D35A48F}.Release|ARM.ActiveCfg = Release|Any CPU
		{D19AD21C-23E9-4391-B776-5D265D35A48F}.Release|ARM.Build.0 = Release|Any CPU
		{D19AD21C-23E9-4391-B776-5D265D35A48F}.Release|ARM64.ActiveCfg = Release|Any CPU
		{D19AD21C-23E9-4391-B776-5D265D35A48F}.Release|ARM64.Build.0 = Release|Any CPU
		{D19AD21C-23E9-4391-B776-5D265D35A48F}.Release|x64.ActiveCfg = Release|Any CPU
		{D19AD21C-23E9-4391-B776-5D265D35A48F}.Release|x64.Build.0 = Release|Any CPU
		{D19AD21C-23E9-4391-B776-5D265D35A48F}.Release|x86.ActiveCfg = Release|Any CPU
		{D19AD21C-23E9-4391-B776-5D265D35A48F}.Release|x86.Build.0 = Release|Any CPU
		{279E7C34-88EA-46D1-AD4D-DBBD7FCCF0E6}.Debug|Any CPU.ActiveCfg = Debug|Any CPU
		{279E7C34-88EA-46D1-AD4D-DBBD7FCCF0E6}.Debug|Any CPU.Build.0 = Debug|Any CPU
		{279E7C34-88EA-46D1-AD4D-DBBD7FCCF0E6}.Debug|ARM.ActiveCfg = Debug|ARM
		{279E7C34-88EA-46D1-AD4D-DBBD7FCCF0E6}.Debug|ARM.Build.0 = Debug|ARM
		{279E7C34-88EA-46D1-AD4D-DBBD7FCCF0E6}.Debug|ARM64.ActiveCfg = Debug|ARM64
		{279E7C34-88EA-46D1-AD4D-DBBD7FCCF0E6}.Debug|ARM64.Build.0 = Debug|ARM64
		{279E7C34-88EA-46D1-AD4D-DBBD7FCCF0E6}.Debug|x64.ActiveCfg = Debug|x64
		{279E7C34-88EA-46D1-AD4D-DBBD7FCCF0E6}.Debug|x64.Build.0 = Debug|x64
		{279E7C34-88EA-46D1-AD4D-DBBD7FCCF0E6}.Debug|x86.ActiveCfg = Debug|x86
		{279E7C34-88EA-46D1-AD4D-DBBD7FCCF0E6}.Debug|x86.Build.0 = Debug|x86
		{279E7C34-88EA-46D1-AD4D-DBBD7FCCF0E6}.Release|Any CPU.ActiveCfg = Release|Any CPU
		{279E7C34-88EA-46D1-AD4D-DBBD7FCCF0E6}.Release|Any CPU.Build.0 = Release|Any CPU
		{279E7C34-88EA-46D1-AD4D-DBBD7FCCF0E6}.Release|ARM.ActiveCfg = Release|ARM
		{279E7C34-88EA-46D1-AD4D-DBBD7FCCF0E6}.Release|ARM.Build.0 = Release|ARM
		{279E7C34-88EA-46D1-AD4D-DBBD7FCCF0E6}.Release|ARM64.ActiveCfg = Release|ARM64
		{279E7C34-88EA-46D1-AD4D-DBBD7FCCF0E6}.Release|ARM64.Build.0 = Release|ARM64
		{279E7C34-88EA-46D1-AD4D-DBBD7FCCF0E6}.Release|x64.ActiveCfg = Release|x64
		{279E7C34-88EA-46D1-AD4D-DBBD7FCCF0E6}.Release|x64.Build.0 = Release|x64
		{279E7C34-88EA-46D1-AD4D-DBBD7FCCF0E6}.Release|x86.ActiveCfg = Release|x86
		{279E7C34-88EA-46D1-AD4D-DBBD7FCCF0E6}.Release|x86.Build.0 = Release|x86
		{08F55D2A-8A22-4330-A486-1EAF574973A3}.Debug|Any CPU.ActiveCfg = Debug|Any CPU
		{08F55D2A-8A22-4330-A486-1EAF574973A3}.Debug|Any CPU.Build.0 = Debug|Any CPU
		{08F55D2A-8A22-4330-A486-1EAF574973A3}.Debug|ARM.ActiveCfg = Debug|Any CPU
		{08F55D2A-8A22-4330-A486-1EAF574973A3}.Debug|ARM.Build.0 = Debug|Any CPU
		{08F55D2A-8A22-4330-A486-1EAF574973A3}.Debug|ARM64.ActiveCfg = Debug|Any CPU
		{08F55D2A-8A22-4330-A486-1EAF574973A3}.Debug|ARM64.Build.0 = Debug|Any CPU
		{08F55D2A-8A22-4330-A486-1EAF574973A3}.Debug|x64.ActiveCfg = Debug|Any CPU
		{08F55D2A-8A22-4330-A486-1EAF574973A3}.Debug|x86.ActiveCfg = Debug|Any CPU
		{08F55D2A-8A22-4330-A486-1EAF574973A3}.Debug|x86.Build.0 = Debug|Any CPU
		{08F55D2A-8A22-4330-A486-1EAF574973A3}.Release|Any CPU.ActiveCfg = Release|Any CPU
		{08F55D2A-8A22-4330-A486-1EAF574973A3}.Release|Any CPU.Build.0 = Release|Any CPU
		{08F55D2A-8A22-4330-A486-1EAF574973A3}.Release|ARM.ActiveCfg = Release|Any CPU
		{08F55D2A-8A22-4330-A486-1EAF574973A3}.Release|ARM.Build.0 = Release|Any CPU
		{08F55D2A-8A22-4330-A486-1EAF574973A3}.Release|ARM64.ActiveCfg = Release|Any CPU
		{08F55D2A-8A22-4330-A486-1EAF574973A3}.Release|ARM64.Build.0 = Release|Any CPU
		{08F55D2A-8A22-4330-A486-1EAF574973A3}.Release|x64.ActiveCfg = Release|Any CPU
		{08F55D2A-8A22-4330-A486-1EAF574973A3}.Release|x64.Build.0 = Release|Any CPU
		{08F55D2A-8A22-4330-A486-1EAF574973A3}.Release|x86.ActiveCfg = Release|Any CPU
		{08F55D2A-8A22-4330-A486-1EAF574973A3}.Release|x86.Build.0 = Release|Any CPU
		{080DC686-5E89-4085-B837-9B0ED8ADCFFA}.Debug|Any CPU.ActiveCfg = Debug|Any CPU
		{080DC686-5E89-4085-B837-9B0ED8ADCFFA}.Debug|Any CPU.Build.0 = Debug|Any CPU
		{080DC686-5E89-4085-B837-9B0ED8ADCFFA}.Debug|ARM.ActiveCfg = Debug|Any CPU
		{080DC686-5E89-4085-B837-9B0ED8ADCFFA}.Debug|ARM.Build.0 = Debug|Any CPU
		{080DC686-5E89-4085-B837-9B0ED8ADCFFA}.Debug|ARM64.ActiveCfg = Debug|Any CPU
		{080DC686-5E89-4085-B837-9B0ED8ADCFFA}.Debug|ARM64.Build.0 = Debug|Any CPU
		{080DC686-5E89-4085-B837-9B0ED8ADCFFA}.Debug|x64.ActiveCfg = Debug|Any CPU
		{080DC686-5E89-4085-B837-9B0ED8ADCFFA}.Debug|x86.ActiveCfg = Debug|Any CPU
		{080DC686-5E89-4085-B837-9B0ED8ADCFFA}.Debug|x86.Build.0 = Debug|Any CPU
		{080DC686-5E89-4085-B837-9B0ED8ADCFFA}.Release|Any CPU.ActiveCfg = Release|Any CPU
		{080DC686-5E89-4085-B837-9B0ED8ADCFFA}.Release|Any CPU.Build.0 = Release|Any CPU
		{080DC686-5E89-4085-B837-9B0ED8ADCFFA}.Release|ARM.ActiveCfg = Release|Any CPU
		{080DC686-5E89-4085-B837-9B0ED8ADCFFA}.Release|ARM.Build.0 = Release|Any CPU
		{080DC686-5E89-4085-B837-9B0ED8ADCFFA}.Release|ARM64.ActiveCfg = Release|Any CPU
		{080DC686-5E89-4085-B837-9B0ED8ADCFFA}.Release|ARM64.Build.0 = Release|Any CPU
		{080DC686-5E89-4085-B837-9B0ED8ADCFFA}.Release|x64.ActiveCfg = Release|Any CPU
		{080DC686-5E89-4085-B837-9B0ED8ADCFFA}.Release|x64.Build.0 = Release|Any CPU
		{080DC686-5E89-4085-B837-9B0ED8ADCFFA}.Release|x86.ActiveCfg = Release|Any CPU
		{080DC686-5E89-4085-B837-9B0ED8ADCFFA}.Release|x86.Build.0 = Release|Any CPU
	EndGlobalSection
	GlobalSection(SolutionProperties) = preSolution
		HideSolutionNode = FALSE
	EndGlobalSection
	GlobalSection(NestedProjects) = preSolution
		{BA4F0E2C-E9C2-4608-B4D8-CB8F4B84EDA2} = {BF757176-E9B7-4283-B2D9-7A9337DCC038}
		{D19AD21C-23E9-4391-B776-5D265D35A48F} = {BAC6F57D-0545-4D7B-94FA-9CB67AD9F189}
		{279E7C34-88EA-46D1-AD4D-DBBD7FCCF0E6} = {BAC6F57D-0545-4D7B-94FA-9CB67AD9F189}
		{08F55D2A-8A22-4330-A486-1EAF574973A3} = {BF757176-E9B7-4283-B2D9-7A9337DCC038}
		{080DC686-5E89-4085-B837-9B0ED8ADCFFA} = {BF757176-E9B7-4283-B2D9-7A9337DCC038}
	EndGlobalSection
	GlobalSection(ExtensibilityGlobals) = postSolution
		SolutionGuid = {34F84D13-C4A1-4DB0-A895-5B715F1F36A6}
	EndGlobalSection
EndGlobal
